// !$*UTF8*$!
{
	archiveVersion = 1;
	classes = {
	};
	objectVersion = 46;
	objects = {

/* Begin PBXBuildFile section */
		86CACF651B8BEAC400439535 /* AppDelegate.swift in Sources */ = {isa = PBXBuildFile; fileRef = 86CACF641B8BEAC400439535 /* AppDelegate.swift */; };
		86CACF681B8BEAC400439535 /* GestureReview.xcdatamodeld in Sources */ = {isa = PBXBuildFile; fileRef = 86CACF661B8BEAC400439535 /* GestureReview.xcdatamodeld */; };
		86CACF6A1B8BEAC400439535 /* ViewController.swift in Sources */ = {isa = PBXBuildFile; fileRef = 86CACF691B8BEAC400439535 /* ViewController.swift */; };
		86CACF6D1B8BEAC400439535 /* Main.storyboard in Resources */ = {isa = PBXBuildFile; fileRef = 86CACF6B1B8BEAC400439535 /* Main.storyboard */; };
		86CACF6F1B8BEAC400439535 /* Images.xcassets in Resources */ = {isa = PBXBuildFile; fileRef = 86CACF6E1B8BEAC400439535 /* Images.xcassets */; };
		86CACF721B8BEAC400439535 /* LaunchScreen.xib in Resources */ = {isa = PBXBuildFile; fileRef = 86CACF701B8BEAC400439535 /* LaunchScreen.xib */; };
		86CACF7E1B8BEAC400439535 /* GestureReviewTests.swift in Sources */ = {isa = PBXBuildFile; fileRef = 86CACF7D1B8BEAC400439535 /* GestureReviewTests.swift */; };
		DBC64C171B8C00C400F5BF1E /* Friend+CoreDataProperties.swift in Sources */ = {isa = PBXBuildFile; fileRef = DBC64C151B8C00C400F5BF1E /* Friend+CoreDataProperties.swift */; };
		DBC64C181B8C00C400F5BF1E /* Friend.swift in Sources */ = {isa = PBXBuildFile; fileRef = DBC64C161B8C00C400F5BF1E /* Friend.swift */; };
/* End PBXBuildFile section */

/* Begin PBXContainerItemProxy section */
		86CACF781B8BEAC400439535 /* PBXContainerItemProxy */ = {
			isa = PBXContainerItemProxy;
			containerPortal = 86CACF571B8BEAC400439535 /* Project object */;
			proxyType = 1;
			remoteGlobalIDString = 86CACF5E1B8BEAC400439535;
			remoteInfo = GestureReview;
		};
/* End PBXContainerItemProxy section */

/* Begin PBXFileReference section */
		86CACF5F1B8BEAC400439535 /* GestureReview.app */ = {isa = PBXFileReference; explicitFileType = wrapper.application; includeInIndex = 0; path = GestureReview.app; sourceTree = BUILT_PRODUCTS_DIR; };
		86CACF631B8BEAC400439535 /* Info.plist */ = {isa = PBXFileReference; lastKnownFileType = text.plist.xml; path = Info.plist; sourceTree = "<group>"; };
		86CACF641B8BEAC400439535 /* AppDelegate.swift */ = {isa = PBXFileReference; lastKnownFileType = sourcecode.swift; path = AppDelegate.swift; sourceTree = "<group>"; };
		86CACF671B8BEAC400439535 /* GestureReview.xcdatamodel */ = {isa = PBXFileReference; lastKnownFileType = wrapper.xcdatamodel; path = GestureReview.xcdatamodel; sourceTree = "<group>"; };
		86CACF691B8BEAC400439535 /* ViewController.swift */ = {isa = PBXFileReference; lastKnownFileType = sourcecode.swift; path = ViewController.swift; sourceTree = "<group>"; };
		86CACF6C1B8BEAC400439535 /* Base */ = {isa = PBXFileReference; lastKnownFileType = file.storyboard; name = Base; path = Base.lproj/Main.storyboard; sourceTree = "<group>"; };
		86CACF6E1B8BEAC400439535 /* Images.xcassets */ = {isa = PBXFileReference; lastKnownFileType = folder.assetcatalog; path = Images.xcassets; sourceTree = "<group>"; };
		86CACF711B8BEAC400439535 /* Base */ = {isa = PBXFileReference; lastKnownFileType = file.xib; name = Base; path = Base.lproj/LaunchScreen.xib; sourceTree = "<group>"; };
		86CACF771B8BEAC400439535 /* GestureReviewTests.xctest */ = {isa = PBXFileReference; explicitFileType = wrapper.cfbundle; includeInIndex = 0; path = GestureReviewTests.xctest; sourceTree = BUILT_PRODUCTS_DIR; };
		86CACF7C1B8BEAC400439535 /* Info.plist */ = {isa = PBXFileReference; lastKnownFileType = text.plist.xml; path = Info.plist; sourceTree = "<group>"; };
		86CACF7D1B8BEAC400439535 /* GestureReviewTests.swift */ = {isa = PBXFileReference; lastKnownFileType = sourcecode.swift; path = GestureReviewTests.swift; sourceTree = "<group>"; };
		DBC64C151B8C00C400F5BF1E /* Friend+CoreDataProperties.swift */ = {isa = PBXFileReference; fileEncoding = 4; lastKnownFileType = sourcecode.swift; path = "Friend+CoreDataProperties.swift"; sourceTree = "<group>"; };
		DBC64C161B8C00C400F5BF1E /* Friend.swift */ = {isa = PBXFileReference; fileEncoding = 4; lastKnownFileType = sourcecode.swift; path = Friend.swift; sourceTree = "<group>"; };
/* End PBXFileReference section */

/* Begin PBXFrameworksBuildPhase section */
		86CACF5C1B8BEAC400439535 /* Frameworks */ = {
			isa = PBXFrameworksBuildPhase;
			buildActionMask = 2147483647;
			files = (
			);
			runOnlyForDeploymentPostprocessing = 0;
		};
		86CACF741B8BEAC400439535 /* Frameworks */ = {
			isa = PBXFrameworksBuildPhase;
			buildActionMask = 2147483647;
			files = (
			);
			runOnlyForDeploymentPostprocessing = 0;
		};
/* End PBXFrameworksBuildPhase section */

/* Begin PBXGroup section */
		86CACF561B8BEAC400439535 = {
			isa = PBXGroup;
			children = (
				86CACF611B8BEAC400439535 /* GestureReview */,
				86CACF7A1B8BEAC400439535 /* GestureReviewTests */,
				86CACF601B8BEAC400439535 /* Products */,
			);
			sourceTree = "<group>";
		};
		86CACF601B8BEAC400439535 /* Products */ = {
			isa = PBXGroup;
			children = (
				86CACF5F1B8BEAC400439535 /* GestureReview.app */,
				86CACF771B8BEAC400439535 /* GestureReviewTests.xctest */,
			);
			name = Products;
			sourceTree = "<group>";
		};
		86CACF611B8BEAC400439535 /* GestureReview */ = {
			isa = PBXGroup;
			children = (
				DBC64C151B8C00C400F5BF1E /* Friend+CoreDataProperties.swift */,
				DBC64C161B8C00C400F5BF1E /* Friend.swift */,
				86CACF641B8BEAC400439535 /* AppDelegate.swift */,
				86CACF691B8BEAC400439535 /* ViewController.swift */,
				86CACF6B1B8BEAC400439535 /* Main.storyboard */,
				86CACF6E1B8BEAC400439535 /* Images.xcassets */,
				86CACF701B8BEAC400439535 /* LaunchScreen.xib */,
				86CACF661B8BEAC400439535 /* GestureReview.xcdatamodeld */,
				86CACF621B8BEAC400439535 /* Supporting Files */,
			);
			path = GestureReview;
			sourceTree = "<group>";
		};
		86CACF621B8BEAC400439535 /* Supporting Files */ = {
			isa = PBXGroup;
			children = (
				86CACF631B8BEAC400439535 /* Info.plist */,
			);
			name = "Supporting Files";
			sourceTree = "<group>";
		};
		86CACF7A1B8BEAC400439535 /* GestureReviewTests */ = {
			isa = PBXGroup;
			children = (
				86CACF7D1B8BEAC400439535 /* GestureReviewTests.swift */,
				86CACF7B1B8BEAC400439535 /* Supporting Files */,
			);
			path = GestureReviewTests;
			sourceTree = "<group>";
		};
		86CACF7B1B8BEAC400439535 /* Supporting Files */ = {
			isa = PBXGroup;
			children = (
				86CACF7C1B8BEAC400439535 /* Info.plist */,
			);
			name = "Supporting Files";
			sourceTree = "<group>";
		};
/* End PBXGroup section */

/* Begin PBXNativeTarget section */
		86CACF5E1B8BEAC400439535 /* GestureReview */ = {
			isa = PBXNativeTarget;
			buildConfigurationList = 86CACF811B8BEAC400439535 /* Build configuration list for PBXNativeTarget "GestureReview" */;
			buildPhases = (
				86CACF5B1B8BEAC400439535 /* Sources */,
				86CACF5C1B8BEAC400439535 /* Frameworks */,
				86CACF5D1B8BEAC400439535 /* Resources */,
			);
			buildRules = (
			);
			dependencies = (
			);
			name = GestureReview;
			productName = GestureReview;
			productReference = 86CACF5F1B8BEAC400439535 /* GestureReview.app */;
			productType = "com.apple.product-type.application";
		};
		86CACF761B8BEAC400439535 /* GestureReviewTests */ = {
			isa = PBXNativeTarget;
			buildConfigurationList = 86CACF841B8BEAC400439535 /* Build configuration list for PBXNativeTarget "GestureReviewTests" */;
			buildPhases = (
				86CACF731B8BEAC400439535 /* Sources */,
				86CACF741B8BEAC400439535 /* Frameworks */,
				86CACF751B8BEAC400439535 /* Resources */,
			);
			buildRules = (
			);
			dependencies = (
				86CACF791B8BEAC400439535 /* PBXTargetDependency */,
			);
			name = GestureReviewTests;
			productName = GestureReviewTests;
			productReference = 86CACF771B8BEAC400439535 /* GestureReviewTests.xctest */;
			productType = "com.apple.product-type.bundle.unit-test";
		};
/* End PBXNativeTarget section */

/* Begin PBXProject section */
		86CACF571B8BEAC400439535 /* Project object */ = {
			isa = PBXProject;
			attributes = {
				LastSwiftMigration = 0700;
				LastSwiftUpdateCheck = 0700;
				LastUpgradeCheck = 0640;
				ORGANIZATIONNAME = "Miranda Paquet";
				TargetAttributes = {
					86CACF5E1B8BEAC400439535 = {
						CreatedOnToolsVersion = 6.4;
					};
					86CACF761B8BEAC400439535 = {
						CreatedOnToolsVersion = 6.4;
						TestTargetID = 86CACF5E1B8BEAC400439535;
					};
				};
			};
			buildConfigurationList = 86CACF5A1B8BEAC400439535 /* Build configuration list for PBXProject "GestureReview" */;
			compatibilityVersion = "Xcode 3.2";
			developmentRegion = English;
			hasScannedForEncodings = 0;
			knownRegions = (
				en,
				Base,
			);
			mainGroup = 86CACF561B8BEAC400439535;
			productRefGroup = 86CACF601B8BEAC400439535 /* Products */;
			projectDirPath = "";
			projectRoot = "";
			targets = (
				86CACF5E1B8BEAC400439535 /* GestureReview */,
				86CACF761B8BEAC400439535 /* GestureReviewTests */,
			);
		};
/* End PBXProject section */

/* Begin PBXResourcesBuildPhase section */
		86CACF5D1B8BEAC400439535 /* Resources */ = {
			isa = PBXResourcesBuildPhase;
			buildActionMask = 2147483647;
			files = (
				86CACF6D1B8BEAC400439535 /* Main.storyboard in Resources */,
				86CACF721B8BEAC400439535 /* LaunchScreen.xib in Resources */,
				86CACF6F1B8BEAC400439535 /* Images.xcassets in Resources */,
			);
			runOnlyForDeploymentPostprocessing = 0;
		};
		86CACF751B8BEAC400439535 /* Resources */ = {
			isa = PBXResourcesBuildPhase;
			buildActionMask = 2147483647;
			files = (
			);
			runOnlyForDeploymentPostprocessing = 0;
		};
/* End PBXResourcesBuildPhase section */

/* Begin PBXSourcesBuildPhase section */
		86CACF5B1B8BEAC400439535 /* Sources */ = {
			isa = PBXSourcesBuildPhase;
			buildActionMask = 2147483647;
			files = (
				86CACF6A1B8BEAC400439535 /* ViewController.swift in Sources */,
				DBC64C171B8C00C400F5BF1E /* Friend+CoreDataProperties.swift in Sources */,
				DBC64C181B8C00C400F5BF1E /* Friend.swift in Sources */,
				86CACF651B8BEAC400439535 /* AppDelegate.swift in Sources */,
				86CACF681B8BEAC400439535 /* GestureReview.xcdatamodeld in Sources */,
			);
			runOnlyForDeploymentPostprocessing = 0;
		};
		86CACF731B8BEAC400439535 /* Sources */ = {
			isa = PBXSourcesBuildPhase;
			buildActionMask = 2147483647;
			files = (
				86CACF7E1B8BEAC400439535 /* GestureReviewTests.swift in Sources */,
			);
			runOnlyForDeploymentPostprocessing = 0;
		};
/* End PBXSourcesBuildPhase section */

/* Begin PBXTargetDependency section */
		86CACF791B8BEAC400439535 /* PBXTargetDependency */ = {
			isa = PBXTargetDependency;
			target = 86CACF5E1B8BEAC400439535 /* GestureReview */;
			targetProxy = 86CACF781B8BEAC400439535 /* PBXContainerItemProxy */;
		};
/* End PBXTargetDependency section */

/* Begin PBXVariantGroup section */
		86CACF6B1B8BEAC400439535 /* Main.storyboard */ = {
			isa = PBXVariantGroup;
			children = (
				86CACF6C1B8BEAC400439535 /* Base */,
			);
			name = Main.storyboard;
			sourceTree = "<group>";
		};
		86CACF701B8BEAC400439535 /* LaunchScreen.xib */ = {
			isa = PBXVariantGroup;
			children = (
				86CACF711B8BEAC400439535 /* Base */,
			);
			name = LaunchScreen.xib;
			sourceTree = "<group>";
		};
/* End PBXVariantGroup section */

/* Begin XCBuildConfiguration section */
		86CACF7F1B8BEAC400439535 /* Debug */ = {
			isa = XCBuildConfiguration;
			buildSettings = {
				ALWAYS_SEARCH_USER_PATHS = NO;
				CLANG_CXX_LANGUAGE_STANDARD = "gnu++0x";
				CLANG_CXX_LIBRARY = "libc++";
				CLANG_ENABLE_MODULES = YES;
				CLANG_ENABLE_OBJC_ARC = YES;
				CLANG_WARN_BOOL_CONVERSION = YES;
				CLANG_WARN_CONSTANT_CONVERSION = YES;
				CLANG_WARN_DIRECT_OBJC_ISA_USAGE = YES_ERROR;
				CLANG_WARN_EMPTY_BODY = YES;
				CLANG_WARN_ENUM_CONVERSION = YES;
				CLANG_WARN_INT_CONVERSION = YES;
				CLANG_WARN_OBJC_ROOT_CLASS = YES_ERROR;
				CLANG_WARN_UNREACHABLE_CODE = YES;
				CLANG_WARN__DUPLICATE_METHOD_MATCH = YES;
				"CODE_SIGN_IDENTITY[sdk=iphoneos*]" = "iPhone Developer";
				COPY_PHASE_STRIP = NO;
				DEBUG_INFORMATION_FORMAT = "dwarf-with-dsym";
				ENABLE_STRICT_OBJC_MSGSEND = YES;
				GCC_C_LANGUAGE_STANDARD = gnu99;
				GCC_DYNAMIC_NO_PIC = NO;
				GCC_NO_COMMON_BLOCKS = YES;
				GCC_OPTIMIZATION_LEVEL = 0;
				GCC_PREPROCESSOR_DEFINITIONS = (
					"DEBUG=1",
					"$(inherited)",
				);
				GCC_SYMBOLS_PRIVATE_EXTERN = NO;
				GCC_WARN_64_TO_32_BIT_CONVERSION = YES;
				GCC_WARN_ABOUT_RETURN_TYPE = YES_ERROR;
				GCC_WARN_UNDECLARED_SELECTOR = YES;
				GCC_WARN_UNINITIALIZED_AUTOS = YES_AGGRESSIVE;
				GCC_WARN_UNUSED_FUNCTION = YES;
				GCC_WARN_UNUSED_VARIABLE = YES;
				IPHONEOS_DEPLOYMENT_TARGET = 8.4;
				MTL_ENABLE_DEBUG_INFO = YES;
				ONLY_ACTIVE_ARCH = YES;
				SDKROOT = iphoneos;
				SWIFT_OPTIMIZATION_LEVEL = "-Onone";
				TARGETED_DEVICE_FAMILY = "1,2";
			};
			name = Debug;
		};
		86CACF801B8BEAC400439535 /* Release */ = {
			isa = XCBuildConfiguration;
			buildSettings = {
				ALWAYS_SEARCH_USER_PATHS = NO;
				CLANG_CXX_LANGUAGE_STANDARD = "gnu++0x";
				CLANG_CXX_LIBRARY = "libc++";
				CLANG_ENABLE_MODULES = YES;
				CLANG_ENABLE_OBJC_ARC = YES;
				CLANG_WARN_BOOL_CONVERSION = YES;
				CLANG_WARN_CONSTANT_CONVERSION = YES;
				CLANG_WARN_DIRECT_OBJC_ISA_USAGE = YES_ERROR;
				CLANG_WARN_EMPTY_BODY = YES;
				CLANG_WARN_ENUM_CONVERSION = YES;
				CLANG_WARN_INT_CONVERSION = YES;
				CLANG_WARN_OBJC_ROOT_CLASS = YES_ERROR;
				CLANG_WARN_UNREACHABLE_CODE = YES;
				CLANG_WARN__DUPLICATE_METHOD_MATCH = YES;
				"CODE_SIGN_IDENTITY[sdk=iphoneos*]" = "iPhone Developer";
				COPY_PHASE_STRIP = NO;
				DEBUG_INFORMATION_FORMAT = "dwarf-with-dsym";
				ENABLE_NS_ASSERTIONS = NO;
				ENABLE_STRICT_OBJC_MSGSEND = YES;
				GCC_C_LANGUAGE_STANDARD = gnu99;
				GCC_NO_COMMON_BLOCKS = YES;
				GCC_WARN_64_TO_32_BIT_CONVERSION = YES;
				GCC_WARN_ABOUT_RETURN_TYPE = YES_ERROR;
				GCC_WARN_UNDECLARED_SELECTOR = YES;
				GCC_WARN_UNINITIALIZED_AUTOS = YES_AGGRESSIVE;
				GCC_WARN_UNUSED_FUNCTION = YES;
				GCC_WARN_UNUSED_VARIABLE = YES;
				IPHONEOS_DEPLOYMENT_TARGET = 8.4;
				MTL_ENABLE_DEBUG_INFO = NO;
				SDKROOT = iphoneos;
				TARGETED_DEVICE_FAMILY = "1,2";
				VALIDATE_PRODUCT = YES;
			};
			name = Release;
		};
		86CACF821B8BEAC400439535 /* Debug */ = {
			isa = XCBuildConfiguration;
			buildSettings = {
				ASSETCATALOG_COMPILER_APPICON_NAME = AppIcon;
				INFOPLIST_FILE = GestureReview/Info.plist;
				LD_RUNPATH_SEARCH_PATHS = "$(inherited) @executable_path/Frameworks";
				PRODUCT_NAME = "$(TARGET_NAME)";
			};
			name = Debug;
		};
		86CACF831B8BEAC400439535 /* Release */ = {
			isa = XCBuildConfiguration;
			buildSettings = {
				ASSETCATALOG_COMPILER_APPICON_NAME = AppIcon;
				INFOPLIST_FILE = GestureReview/Info.plist;
				LD_RUNPATH_SEARCH_PATHS = "$(inherited) @executable_path/Frameworks";
				PRODUCT_NAME = "$(TARGET_NAME)";
			};
			name = Release;
		};
		86CACF851B8BEAC400439535 /* Debug */ = {
			isa = XCBuildConfiguration;
			buildSettings = {
				BUNDLE_LOADER = "$(TEST_HOST)";
				FRAMEWORK_SEARCH_PATHS = (
					"$(SDKROOT)/Developer/Library/Frameworks",
					"$(inherited)",
				);
				GCC_PREPROCESSOR_DEFINITIONS = (
					"DEBUG=1",
					"$(inherited)",
				);
				INFOPLIST_FILE = GestureReviewTests/Info.plist;
				LD_RUNPATH_SEARCH_PATHS = "$(inherited) @executable_path/Frameworks @loader_path/Frameworks";
				PRODUCT_NAME = "$(TARGET_NAME)";
				TEST_HOST = "$(BUILT_PRODUCTS_DIR)/GestureReview.app/GestureReview";
			};
			name = Debug;
		};
		86CACF861B8BEAC400439535 /* Release */ = {
			isa = XCBuildConfiguration;
			buildSettings = {
				BUNDLE_LOADER = "$(TEST_HOST)";
				FRAMEWORK_SEARCH_PATHS = (
					"$(SDKROOT)/Developer/Library/Frameworks",
					"$(inherited)",
				);
				INFOPLIST_FILE = GestureReviewTests/Info.plist;
				LD_RUNPATH_SEARCH_PATHS = "$(inherited) @executable_path/Frameworks @loader_path/Frameworks";
				PRODUCT_NAME = "$(TARGET_NAME)";
				TEST_HOST = "$(BUILT_PRODUCTS_DIR)/GestureReview.app/GestureReview";
			};
			name = Release;
		};
/* End XCBuildConfiguration section */

/* Begin XCConfigurationList section */
		86CACF5A1B8BEAC400439535 /* Build configuration list for PBXProject "GestureReview" */ = {
			isa = XCConfigurationList;
			buildConfigurations = (
				86CACF7F1B8BEAC400439535 /* Debug */,
				86CACF801B8BEAC400439535 /* Release */,
			);
			defaultConfigurationIsVisible = 0;
			defaultConfigurationName = Release;
		};
		86CACF811B8BEAC400439535 /* Build configuration list for PBXNativeTarget "GestureReview" */ = {
			isa = XCConfigurationList;
			buildConfigurations = (
				86CACF821B8BEAC400439535 /* Debug */,
				86CACF831B8BEAC400439535 /* Release */,
			);
			defaultConfigurationIsVisible = 0;
			defaultConfigurationName = Release;
		};
		86CACF841B8BEAC400439535 /* Build configuration list for PBXNativeTarget "GestureReviewTests" */ = {
			isa = XCConfigurationList;
			buildConfigurations = (
				86CACF851B8BEAC400439535 /* Debug */,
				86CACF861B8BEAC400439535 /* Release */,
			);
			defaultConfigurationIsVisible = 0;
			defaultConfigurationName = Release;
		};
/* End XCConfigurationList section */

/* Begin XCVersionGroup section */
		86CACF661B8BEAC400439535 /* GestureReview.xcdatamodeld */ = {
			isa = XCVersionGroup;
			children = (
				86CACF671B8BEAC400439535 /* GestureReview.xcdatamodel */,
			);
			currentVersion = 86CACF671B8BEAC400439535 /* GestureReview.xcdatamodel */;
			path = GestureReview.xcdatamodeld;
			sourceTree = "<group>";
			versionGroupType = wrapper.xcdatamodel;
		};
/* End XCVersionGroup section */
	};
	rootObject = 86CACF571B8BEAC400439535 /* Project object */;
}
